
Microsoft Visual Studio Solution File, Format Version 12.00
# Visual Studio Version 17
VisualStudioVersion = 17.5.33516.290
MinimumVisualStudioVersion = 10.0.40219.1
Project("{FAE04EC0-301F-11D3-BF4B-00C04F79EFBC}") = "WebApi_HttpResponseMessage", "WebApi_HttpResponseMessage.csproj", "{1F139F59-7F0E-4B0E-ACAA-5DA1D1775E23}"
EndProject
Global
	GlobalSection(SolutionConfigurationPlatforms) = preSolution
		Debug|Any CPU = Debug|Any CPU
		Release|Any CPU = Release|Any CPU
	EndGlobalSection
	GlobalSection(ProjectConfigurationPlatforms) = postSolution
		{1F139F59-7F0E-4B0E-ACAA-5DA1D1775E23}.Debug|Any CPU.ActiveCfg = Debug|Any CPU
		{1F139F59-7F0E-4B0E-ACAA-5DA1D1775E23}.Debug|Any CPU.Build.0 = Debug|Any CPU
		{1F139F59-7F0E-4B0E-ACAA-5DA1D1775E23}.Release|Any CPU.ActiveCfg = Release|Any CPU
		{1F139F59-7F0E-4B0E-ACAA-5DA1D1775E23}.Release|Any CPU.Build.0 = Release|Any CPU
	EndGlobalSection
	GlobalSection(SolutionProperties) = preSolution
		HideSolutionNode = FALSE
	EndGlobalSection
	GlobalSection(ExtensibilityGlobals) = postSolution
		SolutionGuid = {CC5F9577-D347-418F-A832-08505C8A3015}
	EndGlobalSection
EndGlobal
