
Microsoft Visual Studio Solution File, Format Version 12.00
# Visual Studio Version 17
VisualStudioVersion = 17.5.33516.290
MinimumVisualStudioVersion = 10.0.40219.1
Project("{FAE04EC0-301F-11D3-BF4B-00C04F79EFBC}") = "HTTPcaching", "HTTPcaching.csproj", "{C131B0F9-AE3B-41B1-B1B1-10732B2294EC}"
EndProject
Global
	GlobalSection(SolutionConfigurationPlatforms) = preSolution
		Debug|Any CPU = Debug|Any CPU
		Release|Any CPU = Release|Any CPU
	EndGlobalSection
	GlobalSection(ProjectConfigurationPlatforms) = postSolution
		{C131B0F9-AE3B-41B1-B1B1-10732B2294EC}.Debug|Any CPU.ActiveCfg = Debug|Any CPU
		{C131B0F9-AE3B-41B1-B1B1-10732B2294EC}.Debug|Any CPU.Build.0 = Debug|Any CPU
		{C131B0F9-AE3B-41B1-B1B1-10732B2294EC}.Release|Any CPU.ActiveCfg = Release|Any CPU
		{C131B0F9-AE3B-41B1-B1B1-10732B2294EC}.Release|Any CPU.Build.0 = Release|Any CPU
	EndGlobalSection
	GlobalSection(SolutionProperties) = preSolution
		HideSolutionNode = FALSE
	EndGlobalSection
	GlobalSection(ExtensibilityGlobals) = postSolution
		SolutionGuid = {A02129B0-B318-46F2-8A52-45E7E3D74D0A}
	EndGlobalSection
EndGlobal
