
Microsoft Visual Studio Solution File, Format Version 12.00
# Visual Studio Version 17
VisualStudioVersion = 17.5.33516.290
MinimumVisualStudioVersion = 10.0.40219.1
Project("{FAE04EC0-301F-11D3-BF4B-00C04F79EFBC}") = "CPContestRegistration", "CPContestRegistration.csproj", "{5191ECB1-E964-4515-BAC3-730767A1E7DD}"
EndProject
Global
	GlobalSection(SolutionConfigurationPlatforms) = preSolution
		Debug|Any CPU = Debug|Any CPU
		Release|Any CPU = Release|Any CPU
	EndGlobalSection
	GlobalSection(ProjectConfigurationPlatforms) = postSolution
		{5191ECB1-E964-4515-BAC3-730767A1E7DD}.Debug|Any CPU.ActiveCfg = Debug|Any CPU
		{5191ECB1-E964-4515-BAC3-730767A1E7DD}.Debug|Any CPU.Build.0 = Debug|Any CPU
		{5191ECB1-E964-4515-BAC3-730767A1E7DD}.Release|Any CPU.ActiveCfg = Release|Any CPU
		{5191ECB1-E964-4515-BAC3-730767A1E7DD}.Release|Any CPU.Build.0 = Release|Any CPU
	EndGlobalSection
	GlobalSection(SolutionProperties) = preSolution
		HideSolutionNode = FALSE
	EndGlobalSection
	GlobalSection(ExtensibilityGlobals) = postSolution
		SolutionGuid = {5BC0ED25-0F5B-400E-97A1-A135EBAEA943}
	EndGlobalSection
EndGlobal
