
Microsoft Visual Studio Solution File, Format Version 12.00
# Visual Studio Version 17
VisualStudioVersion = 17.8.34330.188
MinimumVisualStudioVersion = 10.0.40219.1
Project("{FAE04EC0-301F-11D3-BF4B-00C04F79EFBC}") = "1-Create first C# program ‘Hello world’", "1-Create first C# program ‘Hello world’.csproj", "{1C0A3043-C8BE-409A-BDE4-0F1FDA43ADA6}"
EndProject
Global
	GlobalSection(SolutionConfigurationPlatforms) = preSolution
		Debug|Any CPU = Debug|Any CPU
		Release|Any CPU = Release|Any CPU
	EndGlobalSection
	GlobalSection(ProjectConfigurationPlatforms) = postSolution
		{1C0A3043-C8BE-409A-BDE4-0F1FDA43ADA6}.Debug|Any CPU.ActiveCfg = Debug|Any CPU
		{1C0A3043-C8BE-409A-BDE4-0F1FDA43ADA6}.Debug|Any CPU.Build.0 = Debug|Any CPU
		{1C0A3043-C8BE-409A-BDE4-0F1FDA43ADA6}.Release|Any CPU.ActiveCfg = Release|Any CPU
		{1C0A3043-C8BE-409A-BDE4-0F1FDA43ADA6}.Release|Any CPU.Build.0 = Release|Any CPU
	EndGlobalSection
	GlobalSection(SolutionProperties) = preSolution
		HideSolutionNode = FALSE
	EndGlobalSection
	GlobalSection(ExtensibilityGlobals) = postSolution
		SolutionGuid = {F6BDDE17-90F1-4CC7-B28B-A3AC44F4756C}
	EndGlobalSection
EndGlobal
