
Microsoft Visual Studio Solution File, Format Version 12.00
# Visual Studio Version 17
VisualStudioVersion = 17.5.33516.290
MinimumVisualStudioVersion = 10.0.40219.1
Project("{FAE04EC0-301F-11D3-BF4B-00C04F79EFBC}") = "QueryStringParameter", "QueryStringParameter.csproj", "{5D676B1D-B6CA-4A41-8175-96C1517E985E}"
EndProject
Global
	GlobalSection(SolutionConfigurationPlatforms) = preSolution
		Debug|Any CPU = Debug|Any CPU
		Release|Any CPU = Release|Any CPU
	EndGlobalSection
	GlobalSection(ProjectConfigurationPlatforms) = postSolution
		{5D676B1D-B6CA-4A41-8175-96C1517E985E}.Debug|Any CPU.ActiveCfg = Debug|Any CPU
		{5D676B1D-B6CA-4A41-8175-96C1517E985E}.Debug|Any CPU.Build.0 = Debug|Any CPU
		{5D676B1D-B6CA-4A41-8175-96C1517E985E}.Release|Any CPU.ActiveCfg = Release|Any CPU
		{5D676B1D-B6CA-4A41-8175-96C1517E985E}.Release|Any CPU.Build.0 = Release|Any CPU
	EndGlobalSection
	GlobalSection(SolutionProperties) = preSolution
		HideSolutionNode = FALSE
	EndGlobalSection
	GlobalSection(ExtensibilityGlobals) = postSolution
		SolutionGuid = {28EB759B-3D24-4DEC-A1EC-243F416A6E01}
	EndGlobalSection
EndGlobal
