
Microsoft Visual Studio Solution File, Format Version 12.00
# Visual Studio Version 17
VisualStudioVersion = 17.5.33516.290
MinimumVisualStudioVersion = 10.0.40219.1
Project("{FAE04EC0-301F-11D3-BF4B-00C04F79EFBC}") = "13_Interface", "13_Interface.csproj", "{EA1ECE4B-D5A3-4263-9B02-2D370FFA70FD}"
EndProject
Global
	GlobalSection(SolutionConfigurationPlatforms) = preSolution
		Debug|Any CPU = Debug|Any CPU
		Release|Any CPU = Release|Any CPU
	EndGlobalSection
	GlobalSection(ProjectConfigurationPlatforms) = postSolution
		{EA1ECE4B-D5A3-4263-9B02-2D370FFA70FD}.Debug|Any CPU.ActiveCfg = Debug|Any CPU
		{EA1ECE4B-D5A3-4263-9B02-2D370FFA70FD}.Debug|Any CPU.Build.0 = Debug|Any CPU
		{EA1ECE4B-D5A3-4263-9B02-2D370FFA70FD}.Release|Any CPU.ActiveCfg = Release|Any CPU
		{EA1ECE4B-D5A3-4263-9B02-2D370FFA70FD}.Release|Any CPU.Build.0 = Release|Any CPU
	EndGlobalSection
	GlobalSection(SolutionProperties) = preSolution
		HideSolutionNode = FALSE
	EndGlobalSection
	GlobalSection(ExtensibilityGlobals) = postSolution
		SolutionGuid = {91807270-AEB3-4D84-AB2B-0B9B776DB38D}
	EndGlobalSection
EndGlobal
