
Microsoft Visual Studio Solution File, Format Version 12.00
# Visual Studio Version 17
VisualStudioVersion = 17.5.33516.290
MinimumVisualStudioVersion = 10.0.40219.1
Project("{FAE04EC0-301F-11D3-BF4B-00C04F79EFBC}") = "7.5_partial_class", "7.5_partial_class.csproj", "{58D01A4F-D7F5-4B6E-970A-1F0D4A784CDE}"
EndProject
Global
	GlobalSection(SolutionConfigurationPlatforms) = preSolution
		Debug|Any CPU = Debug|Any CPU
		Release|Any CPU = Release|Any CPU
	EndGlobalSection
	GlobalSection(ProjectConfigurationPlatforms) = postSolution
		{58D01A4F-D7F5-4B6E-970A-1F0D4A784CDE}.Debug|Any CPU.ActiveCfg = Debug|Any CPU
		{58D01A4F-D7F5-4B6E-970A-1F0D4A784CDE}.Debug|Any CPU.Build.0 = Debug|Any CPU
		{58D01A4F-D7F5-4B6E-970A-1F0D4A784CDE}.Release|Any CPU.ActiveCfg = Release|Any CPU
		{58D01A4F-D7F5-4B6E-970A-1F0D4A784CDE}.Release|Any CPU.Build.0 = Release|Any CPU
	EndGlobalSection
	GlobalSection(SolutionProperties) = preSolution
		HideSolutionNode = FALSE
	EndGlobalSection
	GlobalSection(ExtensibilityGlobals) = postSolution
		SolutionGuid = {EF690A0E-ED31-453D-9A18-05A2225ED560}
	EndGlobalSection
EndGlobal
