
Microsoft Visual Studio Solution File, Format Version 12.00
# Visual Studio Version 17
VisualStudioVersion = 17.5.33516.290
MinimumVisualStudioVersion = 10.0.40219.1
Project("{FAE04EC0-301F-11D3-BF4B-00C04F79EFBC}") = "4-Statements", "4-Statements.csproj", "{B44182D0-7F64-40C9-96D3-3FEFFF40635C}"
EndProject
Global
	GlobalSection(SolutionConfigurationPlatforms) = preSolution
		Debug|Any CPU = Debug|Any CPU
		Release|Any CPU = Release|Any CPU
	EndGlobalSection
	GlobalSection(ProjectConfigurationPlatforms) = postSolution
		{B44182D0-7F64-40C9-96D3-3FEFFF40635C}.Debug|Any CPU.ActiveCfg = Debug|Any CPU
		{B44182D0-7F64-40C9-96D3-3FEFFF40635C}.Debug|Any CPU.Build.0 = Debug|Any CPU
		{B44182D0-7F64-40C9-96D3-3FEFFF40635C}.Release|Any CPU.ActiveCfg = Release|Any CPU
		{B44182D0-7F64-40C9-96D3-3FEFFF40635C}.Release|Any CPU.Build.0 = Release|Any CPU
	EndGlobalSection
	GlobalSection(SolutionProperties) = preSolution
		HideSolutionNode = FALSE
	EndGlobalSection
	GlobalSection(ExtensibilityGlobals) = postSolution
		SolutionGuid = {A883D297-49B8-4D6C-878A-8D5418BFEED7}
	EndGlobalSection
EndGlobal
