
Microsoft Visual Studio Solution File, Format Version 12.00
# Visual Studio Version 17
VisualStudioVersion = 17.5.33516.290
MinimumVisualStudioVersion = 10.0.40219.1
Project("{FAE04EC0-301F-11D3-BF4B-00C04F79EFBC}") = "7.3_Abstract_Class", "7.3_Abstract_Class.csproj", "{6BC07CC8-EFB8-4D56-AEDD-F2DDBC26429A}"
EndProject
Global
	GlobalSection(SolutionConfigurationPlatforms) = preSolution
		Debug|Any CPU = Debug|Any CPU
		Release|Any CPU = Release|Any CPU
	EndGlobalSection
	GlobalSection(ProjectConfigurationPlatforms) = postSolution
		{6BC07CC8-EFB8-4D56-AEDD-F2DDBC26429A}.Debug|Any CPU.ActiveCfg = Debug|Any CPU
		{6BC07CC8-EFB8-4D56-AEDD-F2DDBC26429A}.Debug|Any CPU.Build.0 = Debug|Any CPU
		{6BC07CC8-EFB8-4D56-AEDD-F2DDBC26429A}.Release|Any CPU.ActiveCfg = Release|Any CPU
		{6BC07CC8-EFB8-4D56-AEDD-F2DDBC26429A}.Release|Any CPU.Build.0 = Release|Any CPU
	EndGlobalSection
	GlobalSection(SolutionProperties) = preSolution
		HideSolutionNode = FALSE
	EndGlobalSection
	GlobalSection(ExtensibilityGlobals) = postSolution
		SolutionGuid = {3A8648A2-AE9B-4A0A-B672-6446F8BFE4DD}
	EndGlobalSection
EndGlobal
