
Microsoft Visual Studio Solution File, Format Version 12.00
# Visual Studio Version 17
VisualStudioVersion = 17.5.33516.290
MinimumVisualStudioVersion = 10.0.40219.1
Project("{FAE04EC0-301F-11D3-BF4B-00C04F79EFBC}") = "Token", "Token.csproj", "{C836A83D-13F9-453B-B6C6-398537111B57}"
EndProject
Global
	GlobalSection(SolutionConfigurationPlatforms) = preSolution
		Debug|Any CPU = Debug|Any CPU
		Release|Any CPU = Release|Any CPU
	EndGlobalSection
	GlobalSection(ProjectConfigurationPlatforms) = postSolution
		{C836A83D-13F9-453B-B6C6-398537111B57}.Debug|Any CPU.ActiveCfg = Debug|Any CPU
		{C836A83D-13F9-453B-B6C6-398537111B57}.Debug|Any CPU.Build.0 = Debug|Any CPU
		{C836A83D-13F9-453B-B6C6-398537111B57}.Release|Any CPU.ActiveCfg = Release|Any CPU
		{C836A83D-13F9-453B-B6C6-398537111B57}.Release|Any CPU.Build.0 = Release|Any CPU
	EndGlobalSection
	GlobalSection(SolutionProperties) = preSolution
		HideSolutionNode = FALSE
	EndGlobalSection
	GlobalSection(ExtensibilityGlobals) = postSolution
		SolutionGuid = {6DD1000B-4929-4360-8787-5706EC901D0F}
	EndGlobalSection
EndGlobal
