
Microsoft Visual Studio Solution File, Format Version 12.00
# Visual Studio Version 17
VisualStudioVersion = 17.5.33516.290
MinimumVisualStudioVersion = 10.0.40219.1
Project("{FAE04EC0-301F-11D3-BF4B-00C04F79EFBC}") = "10-Abstraction", "10-Abstraction.csproj", "{7DF4C1A5-B5D4-456D-8606-214CF06995CE}"
EndProject
Global
	GlobalSection(SolutionConfigurationPlatforms) = preSolution
		Debug|Any CPU = Debug|Any CPU
		Release|Any CPU = Release|Any CPU
	EndGlobalSection
	GlobalSection(ProjectConfigurationPlatforms) = postSolution
		{7DF4C1A5-B5D4-456D-8606-214CF06995CE}.Debug|Any CPU.ActiveCfg = Debug|Any CPU
		{7DF4C1A5-B5D4-456D-8606-214CF06995CE}.Debug|Any CPU.Build.0 = Debug|Any CPU
		{7DF4C1A5-B5D4-456D-8606-214CF06995CE}.Release|Any CPU.ActiveCfg = Release|Any CPU
		{7DF4C1A5-B5D4-456D-8606-214CF06995CE}.Release|Any CPU.Build.0 = Release|Any CPU
	EndGlobalSection
	GlobalSection(SolutionProperties) = preSolution
		HideSolutionNode = FALSE
	EndGlobalSection
	GlobalSection(ExtensibilityGlobals) = postSolution
		SolutionGuid = {2673CCA2-59E7-4E78-AEAF-C41B41755872}
	EndGlobalSection
EndGlobal
