
Microsoft Visual Studio Solution File, Format Version 12.00
# Visual Studio Version 17
VisualStudioVersion = 17.5.33516.290
MinimumVisualStudioVersion = 10.0.40219.1
Project("{FAE04EC0-301F-11D3-BF4B-00C04F79EFBC}") = "ORMTools", "ORMTools.csproj", "{4F7DB160-0DBB-4888-8EB3-D2EA5ACD5A0C}"
EndProject
Global
	GlobalSection(SolutionConfigurationPlatforms) = preSolution
		Debug|Any CPU = Debug|Any CPU
		Release|Any CPU = Release|Any CPU
	EndGlobalSection
	GlobalSection(ProjectConfigurationPlatforms) = postSolution
		{4F7DB160-0DBB-4888-8EB3-D2EA5ACD5A0C}.Debug|Any CPU.ActiveCfg = Debug|Any CPU
		{4F7DB160-0DBB-4888-8EB3-D2EA5ACD5A0C}.Debug|Any CPU.Build.0 = Debug|Any CPU
		{4F7DB160-0DBB-4888-8EB3-D2EA5ACD5A0C}.Release|Any CPU.ActiveCfg = Release|Any CPU
		{4F7DB160-0DBB-4888-8EB3-D2EA5ACD5A0C}.Release|Any CPU.Build.0 = Release|Any CPU
	EndGlobalSection
	GlobalSection(SolutionProperties) = preSolution
		HideSolutionNode = FALSE
	EndGlobalSection
	GlobalSection(ExtensibilityGlobals) = postSolution
		SolutionGuid = {B133D330-C73D-46E5-B68A-0DF68078971A}
	EndGlobalSection
EndGlobal
