
Microsoft Visual Studio Solution File, Format Version 12.00
# Visual Studio Version 17
VisualStudioVersion = 17.5.33516.290
MinimumVisualStudioVersion = 10.0.40219.1
Project("{FAE04EC0-301F-11D3-BF4B-00C04F79EFBC}") = "7.1_Class-Object", "7.1_Class-Object.csproj", "{BA2754D4-FAFA-4740-AA13-F379B1280303}"
EndProject
Global
	GlobalSection(SolutionConfigurationPlatforms) = preSolution
		Debug|Any CPU = Debug|Any CPU
		Release|Any CPU = Release|Any CPU
	EndGlobalSection
	GlobalSection(ProjectConfigurationPlatforms) = postSolution
		{BA2754D4-FAFA-4740-AA13-F379B1280303}.Debug|Any CPU.ActiveCfg = Debug|Any CPU
		{BA2754D4-FAFA-4740-AA13-F379B1280303}.Debug|Any CPU.Build.0 = Debug|Any CPU
		{BA2754D4-FAFA-4740-AA13-F379B1280303}.Release|Any CPU.ActiveCfg = Release|Any CPU
		{BA2754D4-FAFA-4740-AA13-F379B1280303}.Release|Any CPU.Build.0 = Release|Any CPU
	EndGlobalSection
	GlobalSection(SolutionProperties) = preSolution
		HideSolutionNode = FALSE
	EndGlobalSection
	GlobalSection(ExtensibilityGlobals) = postSolution
		SolutionGuid = {5EE16E60-355D-4CE2-A66D-08DDBFE5BD2A}
	EndGlobalSection
EndGlobal
